
Microsoft Visual Studio Solution File, Format Version 12.00
# Visual Studio Version 17
VisualStudioVersion = 17.3.32929.385
MinimumVisualStudioVersion = 10.0.40219.1
Project("{FAE04EC0-301F-11D3-BF4B-00C04F79EFBC}") = "Chapt14-Lab01", "Chapt14-Lab01\Chapt14-Lab01.csproj", "{A58B6E9D-1F51-4618-987A-831B1A766C47}"
EndProject
Project("{FAE04EC0-301F-11D3-BF4B-00C04F79EFBC}") = "Chapt14-Lab02", "Chapt14-Lab02\Chapt14-Lab02.csproj", "{830EE230-CC12-4F23-B51E-5B0C15062DF8}"
EndProject
Global
	GlobalSection(SolutionConfigurationPlatforms) = preSolution
		Debug|Any CPU = Debug|Any CPU
		Release|Any CPU = Release|Any CPU
	EndGlobalSection
	GlobalSection(ProjectConfigurationPlatforms) = postSolution
		{A58B6E9D-1F51-4618-987A-831B1A766C47}.Debug|Any CPU.ActiveCfg = Debug|Any CPU
		{A58B6E9D-1F51-4618-987A-831B1A766C47}.Debug|Any CPU.Build.0 = Debug|Any CPU
		{A58B6E9D-1F51-4618-987A-831B1A766C47}.Release|Any CPU.ActiveCfg = Release|Any CPU
		{A58B6E9D-1F51-4618-987A-831B1A766C47}.Release|Any CPU.Build.0 = Release|Any CPU
		{830EE230-CC12-4F23-B51E-5B0C15062DF8}.Debug|Any CPU.ActiveCfg = Debug|Any CPU
		{830EE230-CC12-4F23-B51E-5B0C15062DF8}.Debug|Any CPU.Build.0 = Debug|Any CPU
		{830EE230-CC12-4F23-B51E-5B0C15062DF8}.Release|Any CPU.ActiveCfg = Release|Any CPU
		{830EE230-CC12-4F23-B51E-5B0C15062DF8}.Release|Any CPU.Build.0 = Release|Any CPU
	EndGlobalSection
	GlobalSection(SolutionProperties) = preSolution
		HideSolutionNode = FALSE
	EndGlobalSection
	GlobalSection(ExtensibilityGlobals) = postSolution
		SolutionGuid = {4959E3ED-C59E-423F-9433-161141A87376}
	EndGlobalSection
EndGlobal
