
Microsoft Visual Studio Solution File, Format Version 12.00
# Visual Studio Version 17
VisualStudioVersion = 17.3.32901.215
MinimumVisualStudioVersion = 10.0.40219.1
Project("{FAE04EC0-301F-11D3-BF4B-00C04F79EFBC}") = "HOT04-01", "HOT04-01\HOT04-01.csproj", "{6E66E833-B6D5-45CE-8FB3-F0152F6D5FBE}"
EndProject
Project("{FAE04EC0-301F-11D3-BF4B-00C04F79EFBC}") = "HOT04-02", "HOT04-02\HOT04-02.csproj", "{2545ACEB-5674-456E-ABA7-5C92D4607BD7}"
EndProject
Global
	GlobalSection(SolutionConfigurationPlatforms) = preSolution
		Debug|Any CPU = Debug|Any CPU
		Release|Any CPU = Release|Any CPU
	EndGlobalSection
	GlobalSection(ProjectConfigurationPlatforms) = postSolution
		{6E66E833-B6D5-45CE-8FB3-F0152F6D5FBE}.Debug|Any CPU.ActiveCfg = Debug|Any CPU
		{6E66E833-B6D5-45CE-8FB3-F0152F6D5FBE}.Debug|Any CPU.Build.0 = Debug|Any CPU
		{6E66E833-B6D5-45CE-8FB3-F0152F6D5FBE}.Release|Any CPU.ActiveCfg = Release|Any CPU
		{6E66E833-B6D5-45CE-8FB3-F0152F6D5FBE}.Release|Any CPU.Build.0 = Release|Any CPU
		{2545ACEB-5674-456E-ABA7-5C92D4607BD7}.Debug|Any CPU.ActiveCfg = Debug|Any CPU
		{2545ACEB-5674-456E-ABA7-5C92D4607BD7}.Debug|Any CPU.Build.0 = Debug|Any CPU
		{2545ACEB-5674-456E-ABA7-5C92D4607BD7}.Release|Any CPU.ActiveCfg = Release|Any CPU
		{2545ACEB-5674-456E-ABA7-5C92D4607BD7}.Release|Any CPU.Build.0 = Release|Any CPU
	EndGlobalSection
	GlobalSection(SolutionProperties) = preSolution
		HideSolutionNode = FALSE
	EndGlobalSection
	GlobalSection(ExtensibilityGlobals) = postSolution
		SolutionGuid = {0B81D413-1DCC-48E8-BFCE-EEDE63BD2271}
	EndGlobalSection
EndGlobal
