
Microsoft Visual Studio Solution File, Format Version 12.00
# Visual Studio Version 17
VisualStudioVersion = 17.3.32825.248
MinimumVisualStudioVersion = 10.0.40219.1
Project("{FAE04EC0-301F-11D3-BF4B-00C04F79EFBC}") = "Chapt7-1Homework", "Chapt7-1Homework\Chapt7-1Homework.csproj", "{F1A71D7B-ABAD-41DB-A3E4-3CB19A26012E}"
EndProject
Project("{9A19103F-16F7-4668-BE54-9A1E7A4F7556}") = "Chapt6-2Homework", "Chapt6-2Homework\Chapt6-2Homework.csproj", "{34911798-0622-4C67-9AAA-60AC32186331}"
EndProject
Project("{FAE04EC0-301F-11D3-BF4B-00C04F79EFBC}") = "Chapt6-1Homework", "Chapt6-1Homework\Chapt6-1Homework.csproj", "{C18C87C1-2293-448E-B408-B5148FFCC991}"
EndProject
Global
	GlobalSection(SolutionConfigurationPlatforms) = preSolution
		Debug|Any CPU = Debug|Any CPU
		Release|Any CPU = Release|Any CPU
	EndGlobalSection
	GlobalSection(ProjectConfigurationPlatforms) = postSolution
		{F1A71D7B-ABAD-41DB-A3E4-3CB19A26012E}.Debug|Any CPU.ActiveCfg = Debug|Any CPU
		{F1A71D7B-ABAD-41DB-A3E4-3CB19A26012E}.Debug|Any CPU.Build.0 = Debug|Any CPU
		{F1A71D7B-ABAD-41DB-A3E4-3CB19A26012E}.Release|Any CPU.ActiveCfg = Release|Any CPU
		{F1A71D7B-ABAD-41DB-A3E4-3CB19A26012E}.Release|Any CPU.Build.0 = Release|Any CPU
		{34911798-0622-4C67-9AAA-60AC32186331}.Debug|Any CPU.ActiveCfg = Debug|Any CPU
		{34911798-0622-4C67-9AAA-60AC32186331}.Debug|Any CPU.Build.0 = Debug|Any CPU
		{34911798-0622-4C67-9AAA-60AC32186331}.Release|Any CPU.ActiveCfg = Release|Any CPU
		{34911798-0622-4C67-9AAA-60AC32186331}.Release|Any CPU.Build.0 = Release|Any CPU
		{C18C87C1-2293-448E-B408-B5148FFCC991}.Debug|Any CPU.ActiveCfg = Debug|Any CPU
		{C18C87C1-2293-448E-B408-B5148FFCC991}.Debug|Any CPU.Build.0 = Debug|Any CPU
		{C18C87C1-2293-448E-B408-B5148FFCC991}.Release|Any CPU.ActiveCfg = Release|Any CPU
		{C18C87C1-2293-448E-B408-B5148FFCC991}.Release|Any CPU.Build.0 = Release|Any CPU
	EndGlobalSection
	GlobalSection(SolutionProperties) = preSolution
		HideSolutionNode = FALSE
	EndGlobalSection
	GlobalSection(ExtensibilityGlobals) = postSolution
		SolutionGuid = {29CACA5E-7B3B-45BB-9C2E-9E5A3A00EA3C}
	EndGlobalSection
EndGlobal
