
Microsoft Visual Studio Solution File, Format Version 12.00
# Visual Studio Version 17
VisualStudioVersion = 17.3.32922.545
MinimumVisualStudioVersion = 10.0.40219.1
Project("{FAE04EC0-301F-11D3-BF4B-00C04F79EFBC}") = "Chapt10-Lab01", "Chapt10-Lab01\Chapt10-Lab01.csproj", "{8E1570A3-5B5D-4DDE-A47C-1479D7D4F873}"
EndProject
Global
	GlobalSection(SolutionConfigurationPlatforms) = preSolution
		Debug|Any CPU = Debug|Any CPU
		Release|Any CPU = Release|Any CPU
	EndGlobalSection
	GlobalSection(ProjectConfigurationPlatforms) = postSolution
		{8E1570A3-5B5D-4DDE-A47C-1479D7D4F873}.Debug|Any CPU.ActiveCfg = Debug|Any CPU
		{8E1570A3-5B5D-4DDE-A47C-1479D7D4F873}.Debug|Any CPU.Build.0 = Debug|Any CPU
		{8E1570A3-5B5D-4DDE-A47C-1479D7D4F873}.Release|Any CPU.ActiveCfg = Release|Any CPU
		{8E1570A3-5B5D-4DDE-A47C-1479D7D4F873}.Release|Any CPU.Build.0 = Release|Any CPU
	EndGlobalSection
	GlobalSection(SolutionProperties) = preSolution
		HideSolutionNode = FALSE
	EndGlobalSection
	GlobalSection(ExtensibilityGlobals) = postSolution
		SolutionGuid = {9BEC4C5A-2A3D-436E-967A-C59158D49D4C}
	EndGlobalSection
EndGlobal
