
Microsoft Visual Studio Solution File, Format Version 12.00
# Visual Studio Version 17
VisualStudioVersion = 17.3.32819.101
MinimumVisualStudioVersion = 10.0.40219.1
Project("{FAE04EC0-301F-11D3-BF4B-00C04F79EFBC}") = "HOT1-2Project", "HOT1-2Project\HOT1-2Project.csproj", "{F8637F0E-5DEE-4D31-B50D-7AB1EE363EDF}"
EndProject
Global
	GlobalSection(SolutionConfigurationPlatforms) = preSolution
		Debug|Any CPU = Debug|Any CPU
		Release|Any CPU = Release|Any CPU
	EndGlobalSection
	GlobalSection(ProjectConfigurationPlatforms) = postSolution
		{F8637F0E-5DEE-4D31-B50D-7AB1EE363EDF}.Debug|Any CPU.ActiveCfg = Debug|Any CPU
		{F8637F0E-5DEE-4D31-B50D-7AB1EE363EDF}.Debug|Any CPU.Build.0 = Debug|Any CPU
		{F8637F0E-5DEE-4D31-B50D-7AB1EE363EDF}.Release|Any CPU.ActiveCfg = Release|Any CPU
		{F8637F0E-5DEE-4D31-B50D-7AB1EE363EDF}.Release|Any CPU.Build.0 = Release|Any CPU
	EndGlobalSection
	GlobalSection(SolutionProperties) = preSolution
		HideSolutionNode = FALSE
	EndGlobalSection
	GlobalSection(ExtensibilityGlobals) = postSolution
		SolutionGuid = {3A0DE9EA-6B26-4E4A-B732-361B21C86673}
	EndGlobalSection
EndGlobal
